
Microsoft Visual Studio Solution File, Format Version 12.00
# Visual Studio Version 17
VisualStudioVersion = 17.6.33815.320
MinimumVisualStudioVersion = 10.0.40219.1
Project("{FAE04EC0-301F-11D3-BF4B-00C04F79EFBC}") = "atvHeranca", "atvHeranca.csproj", "{AC2A29D0-DA55-4AE9-A596-DA41C1EA59FB}"
EndProject
Global
	GlobalSection(SolutionConfigurationPlatforms) = preSolution
		Debug|Any CPU = Debug|Any CPU
		Release|Any CPU = Release|Any CPU
	EndGlobalSection
	GlobalSection(ProjectConfigurationPlatforms) = postSolution
		{AC2A29D0-DA55-4AE9-A596-DA41C1EA59FB}.Debug|Any CPU.ActiveCfg = Debug|Any CPU
		{AC2A29D0-DA55-4AE9-A596-DA41C1EA59FB}.Debug|Any CPU.Build.0 = Debug|Any CPU
		{AC2A29D0-DA55-4AE9-A596-DA41C1EA59FB}.Release|Any CPU.ActiveCfg = Release|Any CPU
		{AC2A29D0-DA55-4AE9-A596-DA41C1EA59FB}.Release|Any CPU.Build.0 = Release|Any CPU
	EndGlobalSection
	GlobalSection(SolutionProperties) = preSolution
		HideSolutionNode = FALSE
	EndGlobalSection
	GlobalSection(ExtensibilityGlobals) = postSolution
		SolutionGuid = {F46C1A17-19C0-4CFB-ADDD-2E6752AA469A}
	EndGlobalSection
EndGlobal
